
Microsoft Visual Studio Solution File, Format Version 12.00
# Visual Studio 14
VisualStudioVersion = 14.0.23107.0
MinimumVisualStudioVersion = 10.0.40219.1
Project("{E24C65DC-7377-472B-9ABA-BC803B73C61A}") = "2DGameYukidarusan(2)", "2DGameYukidarusan\", "{2A2960A2-3449-44E4-A668-3F0F84D664DF}"
	ProjectSection(WebsiteProperties) = preProject
		TargetFrameworkMoniker = ".NETFramework,Version%3Dv4.6"
		Debug.AspNetCompiler.VirtualPath = "/localhost_60985"
		Debug.AspNetCompiler.PhysicalPath = "2DGameYukidarusan\"
		Debug.AspNetCompiler.TargetPath = "PrecompiledWeb\localhost_60985\"
		Debug.AspNetCompiler.Updateable = "true"
		Debug.AspNetCompiler.ForceOverwrite = "true"
		Debug.AspNetCompiler.FixedNames = "false"
		Debug.AspNetCompiler.Debug = "True"
		Release.AspNetCompiler.VirtualPath = "/localhost_60985"
		Release.AspNetCompiler.PhysicalPath = "2DGameYukidarusan\"
		Release.AspNetCompiler.TargetPath = "PrecompiledWeb\localhost_60985\"
		Release.AspNetCompiler.Updateable = "true"
		Release.AspNetCompiler.ForceOverwrite = "true"
		Release.AspNetCompiler.FixedNames = "false"
		Release.AspNetCompiler.Debug = "False"
		VWDPort = "60985"
		SlnRelativePath = "2DGameYukidarusan\"
	EndProjectSection
EndProject
Global
	GlobalSection(SolutionConfigurationPlatforms) = preSolution
		Debug|Any CPU = Debug|Any CPU
	EndGlobalSection
	GlobalSection(ProjectConfigurationPlatforms) = postSolution
		{2A2960A2-3449-44E4-A668-3F0F84D664DF}.Debug|Any CPU.ActiveCfg = Debug|Any CPU
		{2A2960A2-3449-44E4-A668-3F0F84D664DF}.Debug|Any CPU.Build.0 = Debug|Any CPU
	EndGlobalSection
	GlobalSection(SolutionProperties) = preSolution
		HideSolutionNode = FALSE
	EndGlobalSection
EndGlobal
